
Microsoft Visual Studio Solution File, Format Version 10.00
# Visual Studio 2008
Project("{FAE04EC0-301F-11D3-BF4B-00C04F79EFBC}") = "software", "software\software.csproj", "{BDDC9368-F126-4CC6-9C79-3E368EE96895}"
EndProject
Global
	GlobalSection(SolutionConfigurationPlatforms) = preSolution
		Debug|Any CPU = Debug|Any CPU
		Release|Any CPU = Release|Any CPU
	EndGlobalSection
	GlobalSection(ProjectConfigurationPlatforms) = postSolution
		{BDDC9368-F126-4CC6-9C79-3E368EE96895}.Debug|Any CPU.ActiveCfg = Debug|Any CPU
		{BDDC9368-F126-4CC6-9C79-3E368EE96895}.Debug|Any CPU.Build.0 = Debug|Any CPU
		{BDDC9368-F126-4CC6-9C79-3E368EE96895}.Release|Any CPU.ActiveCfg = Release|Any CPU
		{BDDC9368-F126-4CC6-9C79-3E368EE96895}.Release|Any CPU.Build.0 = Release|Any CPU
	EndGlobalSection
	GlobalSection(SolutionProperties) = preSolution
		HideSolutionNode = FALSE
	EndGlobalSection
EndGlobal
